{
  "name": "gestion-inventario",
  "version": "0.0.0",
  "lockfileVersion": 3,
  "requires": true,
  "packages": {
    "": {
      "name": "gestion-inventario",
      "version": "0.0.0",
      "dependencies": {
        "@angular/common": "^19.2.0",
        "@angular/compiler": "^19.2.0",
        "@angular/core": "^19.2.0",
        "@angular/forms": "^19.2.0",
        "@angular/platform-browser": "^19.2.0",
        "@angular/platform-browser-dynamic": "^19.2.0",
        "@angular/router": "^19.2.0",
        "rxjs": "~7.8.0",
        "tslib": "^2.3.0",
        "zone.js": "~0.15.0"
      },
      "devDependencies": {
        "@angular-devkit/build-angular": "^19.2.5",
        "@angular/cli": "^19.2.5",
        "@angular/compiler-cli": "^19.2.0",
        "@types/jasmine": "~5.1.0",
        "jasmine-core": "~5.6.0",
        "karma": "~6.4.0",
        "karma-chrome-launcher": "~3.2.0",
        "karma-coverage": "~2.2.0",
        "karma-jasmine": "~5.1.0",
        "karma-jasmine-html-reporter": "~2.1.0",
        "typescript": "~5.7.2"
      }
    },
    "node_modules/@ampproject/remapping": {
      "version": "2.3.0",
      "resolved": "https://registry.npmjs.org/@ampproject/remapping/-/remapping-2.3.0.tgz",
      "integrity": "sha512-30iZtAPgz+LTIYoeivqYo853f02jBYSd5uGnGpkFV0M3xOt9aN73erkgYAmZU43x4VfqcnLxW9Kpg3R5LC4YYw==",
      "dev": true,
      "license": "Apache-2.0",
      "dependencies": {
        "@jridgewell/gen-mapping": "^0.3.5",
        "@jridgewell/trace-mapping": "^0.3.24"
      },
      "engines": {
        "node": ">=6.0.0"
      }
    },
    "node_modules/@angular-devkit/architect": {
      "version": "0.1902.5",
      "resolved": "https://registry.npmjs.org/@angular-devkit/architect/-/architect-0.1902.5.tgz",
      "integrity": "sha512-GdcTqwCZT0CTagUoTmq799hpnbQeICx53+eHsfs+lyKjkojk1ahC6ZOi4nNLDl/J2DIMFPHIG1ZgHPuhjKItAw==",
      "dev": true,
      "license": "MIT",
      "dependencies": {
        "@angular-devkit/core": "19.2.5",
        "rxjs": "7.8.1"
      },
      "engines": {
        "node": "^18.19.1 || ^20.11.1 || >=22.0.0",
        "npm": "^6.11.0 || ^7.5.6 || >=8.0.0",
        "yarn": ">= 1.13.0"
      }
    },
    "node_modules/@angular-devkit/architect/node_modules/rxjs": {
      "version": "7.8.1",
      "resolved": "https://registry.npmjs.org/rxjs/-/rxjs-7.8.1.tgz",
      "integrity": "sha512-AA3TVj+0A2iuIoQkWEK/tqFjBq2j+6PO6Y0zJcvzLAFhEFIO3HL0vls9hWLncZbAAbK0mar7oZ4V079I/qPMxg==",
      "dev": true,
      "license": "Apache-2.0",
      "dependencies": {
        "tslib": "^2.1.0"
      }
    },
    "node_modules/@angular-devkit/build-angular": {
      "version": "19.2.5",
      "resolved": "https://registry.npmjs.org/@angular-devkit/build-angular/-/build-angular-19.2.5.tgz",
      "integrity": "sha512-PmLAaPuruTzEACsVe7MVyDuShQhyFdj83gWqvPKXVd8p2SIEE8SeVXyNRKNYf84cZdxqJB+IgjyvTPK7R7a+rA==",
      "dev": true,
